# This file is automatically @generated by Cargo.
# It is not intended for manual editing.
[[package]]
name = "StructNovel"
version = "0.1.0"
dependencies = [
 "c-introspect-rs",
]

[[package]]
name = "c-introspect-rs"
version = "0.1.0"
source = "git+https://github.com/debamitro/c-introspect-rs?branch=main#f009b7883f98db97f1c8e32d632b74937382b9d2"
